
Microsoft Visual Studio Solution File, Format Version 12.00
# Visual Studio Express 2012 for Windows Desktop
Project("{FAE04EC0-301F-11D3-BF4B-00C04F79EFBC}") = "Zac_The Secret Flubber", "Zac_The Secret Flubber.csproj", "{0121B15C-4727-4538-862E-4BDCB2C9EB2A}"
EndProject
Global
	GlobalSection(SolutionConfigurationPlatforms) = preSolution
		Debug|Any CPU = Debug|Any CPU
		Nothing|Any CPU = Nothing|Any CPU
		Release|Any CPU = Release|Any CPU
	EndGlobalSection
	GlobalSection(ProjectConfigurationPlatforms) = postSolution
		{0121B15C-4727-4538-862E-4BDCB2C9EB2A}.Debug|Any CPU.ActiveCfg = Debug|Any CPU
		{0121B15C-4727-4538-862E-4BDCB2C9EB2A}.Debug|Any CPU.Build.0 = Debug|Any CPU
		{0121B15C-4727-4538-862E-4BDCB2C9EB2A}.Nothing|Any CPU.ActiveCfg = Nothing|Any CPU
		{0121B15C-4727-4538-862E-4BDCB2C9EB2A}.Nothing|Any CPU.Build.0 = Nothing|Any CPU
		{0121B15C-4727-4538-862E-4BDCB2C9EB2A}.Release|Any CPU.ActiveCfg = Release|Any CPU
		{0121B15C-4727-4538-862E-4BDCB2C9EB2A}.Release|Any CPU.Build.0 = Release|Any CPU
	EndGlobalSection
	GlobalSection(SolutionProperties) = preSolution
		HideSolutionNode = FALSE
	EndGlobalSection
EndGlobal
